
Microsoft Visual Studio Solution File, Format Version 12.00
# Visual Studio Version 17
VisualStudioVersion = 17.10.34916.146
MinimumVisualStudioVersion = 10.0.40219.1
Project("{FAE04EC0-301F-11D3-BF4B-00C04F79EFBC}") = "GGHospital.UI", "GGHospital.UI\GGHospital.UI.csproj", "{8879D0C8-61CB-458F-ADFF-F7EFEA6307EE}"
EndProject
Project("{FAE04EC0-301F-11D3-BF4B-00C04F79EFBC}") = "GGHospital.Entities", "GGHospital.Core\GGHospital.Entities.csproj", "{6C03E2F2-115B-407F-B245-53BC4419EDF6}"
EndProject
Project("{FAE04EC0-301F-11D3-BF4B-00C04F79EFBC}") = "GGHospital.Dal", "GGHospital.Dal\GGHospital.Dal.csproj", "{3477798D-37E6-4809-9989-B39F1D9CB2A0}"
EndProject
Project("{FAE04EC0-301F-11D3-BF4B-00C04F79EFBC}") = "GGHospital.Dto", "GGHospital.Dto\GGHospital.Dto.csproj", "{2901B4D1-A4A5-4404-BA75-9BB77EA93D54}"
EndProject
Project("{FAE04EC0-301F-11D3-BF4B-00C04F79EFBC}") = "GGHospital.Business", "GGHospital.Business\GGHospital.Business.csproj", "{92C2E5BC-DF02-449C-8759-572CEB2F05DB}"
EndProject
Global
	GlobalSection(SolutionConfigurationPlatforms) = preSolution
		Debug|Any CPU = Debug|Any CPU
		Release|Any CPU = Release|Any CPU
	EndGlobalSection
	GlobalSection(ProjectConfigurationPlatforms) = postSolution
		{8879D0C8-61CB-458F-ADFF-F7EFEA6307EE}.Debug|Any CPU.ActiveCfg = Debug|Any CPU
		{8879D0C8-61CB-458F-ADFF-F7EFEA6307EE}.Debug|Any CPU.Build.0 = Debug|Any CPU
		{8879D0C8-61CB-458F-ADFF-F7EFEA6307EE}.Release|Any CPU.ActiveCfg = Release|Any CPU
		{8879D0C8-61CB-458F-ADFF-F7EFEA6307EE}.Release|Any CPU.Build.0 = Release|Any CPU
		{6C03E2F2-115B-407F-B245-53BC4419EDF6}.Debug|Any CPU.ActiveCfg = Debug|Any CPU
		{6C03E2F2-115B-407F-B245-53BC4419EDF6}.Debug|Any CPU.Build.0 = Debug|Any CPU
		{6C03E2F2-115B-407F-B245-53BC4419EDF6}.Release|Any CPU.ActiveCfg = Release|Any CPU
		{6C03E2F2-115B-407F-B245-53BC4419EDF6}.Release|Any CPU.Build.0 = Release|Any CPU
		{3477798D-37E6-4809-9989-B39F1D9CB2A0}.Debug|Any CPU.ActiveCfg = Debug|Any CPU
		{3477798D-37E6-4809-9989-B39F1D9CB2A0}.Debug|Any CPU.Build.0 = Debug|Any CPU
		{3477798D-37E6-4809-9989-B39F1D9CB2A0}.Release|Any CPU.ActiveCfg = Release|Any CPU
		{3477798D-37E6-4809-9989-B39F1D9CB2A0}.Release|Any CPU.Build.0 = Release|Any CPU
		{2901B4D1-A4A5-4404-BA75-9BB77EA93D54}.Debug|Any CPU.ActiveCfg = Debug|Any CPU
		{2901B4D1-A4A5-4404-BA75-9BB77EA93D54}.Debug|Any CPU.Build.0 = Debug|Any CPU
		{2901B4D1-A4A5-4404-BA75-9BB77EA93D54}.Release|Any CPU.ActiveCfg = Release|Any CPU
		{2901B4D1-A4A5-4404-BA75-9BB77EA93D54}.Release|Any CPU.Build.0 = Release|Any CPU
		{92C2E5BC-DF02-449C-8759-572CEB2F05DB}.Debug|Any CPU.ActiveCfg = Debug|Any CPU
		{92C2E5BC-DF02-449C-8759-572CEB2F05DB}.Debug|Any CPU.Build.0 = Debug|Any CPU
		{92C2E5BC-DF02-449C-8759-572CEB2F05DB}.Release|Any CPU.ActiveCfg = Release|Any CPU
		{92C2E5BC-DF02-449C-8759-572CEB2F05DB}.Release|Any CPU.Build.0 = Release|Any CPU
	EndGlobalSection
	GlobalSection(SolutionProperties) = preSolution
		HideSolutionNode = FALSE
	EndGlobalSection
	GlobalSection(ExtensibilityGlobals) = postSolution
		SolutionGuid = {94379032-41EB-4024-91D6-8CFE96085B5C}
	EndGlobalSection
EndGlobal
